
Microsoft Visual Studio Solution File, Format Version 12.00
Project("{2150E333-8FDC-42A3-9474-1A3956D46DE8}") = "Solution Items", "Solution Items", "{1A9FD9AD-96D2-40B1-9DEE-4521D19D219C}"
	ProjectSection(SolutionItems) = preProject
		src\dotnet\Directory.Build.props = src\dotnet\Directory.Build.props
		src\dotnet\Directory.Build.targets = src\dotnet\Directory.Build.targets
	EndProjectSection
EndProject
Project("{FAE04EC0-301F-11D3-BF4B-00C04F79EFBC}") = "Rider.Plugins.UnityCliPipeline", "src\dotnet\Rider.Plugins.UnityCliPipeline\Rider.Plugins.UnityCliPipeline.csproj", "{3BE21350-43F9-4CBD-9BF2-AE25E9475095}"
EndProject
Project("{FAE04EC0-301F-11D3-BF4B-00C04F79EFBC}") = "Rider.Plugins.UnityCliPipeline.Core", "src\dotnet\Rider.Plugins.UnityCliPipeline.Core\Rider.Plugins.UnityCliPipeline.Core.csproj", "{A1B2C3D4-E5F6-7890-ABCD-EF1234567890}"
EndProject
Project("{FAE04EC0-301F-11D3-BF4B-00C04F79EFBC}") = "Rider.Plugins.UnityCliPipeline.Tests", "src\dotnet\Rider.Plugins.UnityCliPipeline.Tests\Rider.Plugins.UnityCliPipeline.Tests.csproj", "{B2C3D4E5-F6A7-8901-BCDE-F12345678901}"
EndProject
Global
	GlobalSection(SolutionConfigurationPlatforms) = preSolution
		Debug|Any CPU = Debug|Any CPU
		Release|Any CPU = Release|Any CPU
	EndGlobalSection
	GlobalSection(ProjectConfigurationPlatforms) = postSolution
		{3BE21350-43F9-4CBD-9BF2-AE25E9475095}.Debug|Any CPU.ActiveCfg = Debug|Any CPU
		{3BE21350-43F9-4CBD-9BF2-AE25E9475095}.Debug|Any CPU.Build.0 = Debug|Any CPU
		{3BE21350-43F9-4CBD-9BF2-AE25E9475095}.Release|Any CPU.ActiveCfg = Release|Any CPU
		{3BE21350-43F9-4CBD-9BF2-AE25E9475095}.Release|Any CPU.Build.0 = Release|Any CPU
		{A1B2C3D4-E5F6-7890-ABCD-EF1234567890}.Debug|Any CPU.ActiveCfg = Debug|Any CPU
		{A1B2C3D4-E5F6-7890-ABCD-EF1234567890}.Debug|Any CPU.Build.0 = Debug|Any CPU
		{A1B2C3D4-E5F6-7890-ABCD-EF1234567890}.Release|Any CPU.ActiveCfg = Release|Any CPU
		{A1B2C3D4-E5F6-7890-ABCD-EF1234567890}.Release|Any CPU.Build.0 = Release|Any CPU
		{B2C3D4E5-F6A7-8901-BCDE-F12345678901}.Debug|Any CPU.ActiveCfg = Debug|Any CPU
		{B2C3D4E5-F6A7-8901-BCDE-F12345678901}.Debug|Any CPU.Build.0 = Debug|Any CPU
		{B2C3D4E5-F6A7-8901-BCDE-F12345678901}.Release|Any CPU.ActiveCfg = Release|Any CPU
		{B2C3D4E5-F6A7-8901-BCDE-F12345678901}.Release|Any CPU.Build.0 = Release|Any CPU
	EndGlobalSection
EndGlobal
